
Microsoft Visual Studio Solution File, Format Version 12.00
# Visual Studio 14
VisualStudioVersion = 14.0.24720.0
MinimumVisualStudioVersion = 10.0.40219.1
Project("{FAE04EC0-301F-11D3-BF4B-00C04F79EFBC}") = "BARTVoice", "BARTVoice\BARTVoice.csproj", "{A34228F9-DE96-44A9-925D-040D043BF185}"
EndProject
Global
	GlobalSection(SolutionConfigurationPlatforms) = preSolution
		Debug|Any CPU = Debug|Any CPU
		Release|Any CPU = Release|Any CPU
	EndGlobalSection
	GlobalSection(ProjectConfigurationPlatforms) = postSolution
		{A34228F9-DE96-44A9-925D-040D043BF185}.Debug|Any CPU.ActiveCfg = Debug|Any CPU
		{A34228F9-DE96-44A9-925D-040D043BF185}.Debug|Any CPU.Build.0 = Debug|Any CPU
		{A34228F9-DE96-44A9-925D-040D043BF185}.Release|Any CPU.ActiveCfg = Release|Any CPU
		{A34228F9-DE96-44A9-925D-040D043BF185}.Release|Any CPU.Build.0 = Release|Any CPU
	EndGlobalSection
	GlobalSection(SolutionProperties) = preSolution
		HideSolutionNode = FALSE
	EndGlobalSection
EndGlobal
